
Microsoft Visual Studio Solution File, Format Version 12.00
# Visual Studio 15
VisualStudioVersion = 15.0.26403.0
MinimumVisualStudioVersion = 10.0.40219.1
Project("{FAE04EC0-301F-11D3-BF4B-00C04F79EFBC}") = "BankApp", "BankApp\BankApp.csproj", "{5FD5500D-FABB-49FA-BE90-6E3EDE0CAEBD}"
EndProject
Project("{2150E333-8FDC-42A3-9474-1A3956D46DE8}") = "Solution Items", "Solution Items", "{614E73FA-636C-4C12-A3C1-78D098DFF65D}"
	ProjectSection(SolutionItems) = preProject
		.gitignore = .gitignore
	EndProjectSection
EndProject
Global
	GlobalSection(SolutionConfigurationPlatforms) = preSolution
		Debug|Any CPU = Debug|Any CPU
		Release|Any CPU = Release|Any CPU
	EndGlobalSection
	GlobalSection(ProjectConfigurationPlatforms) = postSolution
		{5FD5500D-FABB-49FA-BE90-6E3EDE0CAEBD}.Debug|Any CPU.ActiveCfg = Debug|Any CPU
		{5FD5500D-FABB-49FA-BE90-6E3EDE0CAEBD}.Debug|Any CPU.Build.0 = Debug|Any CPU
		{5FD5500D-FABB-49FA-BE90-6E3EDE0CAEBD}.Release|Any CPU.ActiveCfg = Release|Any CPU
		{5FD5500D-FABB-49FA-BE90-6E3EDE0CAEBD}.Release|Any CPU.Build.0 = Release|Any CPU
	EndGlobalSection
	GlobalSection(SolutionProperties) = preSolution
		HideSolutionNode = FALSE
	EndGlobalSection
EndGlobal
